dependencies:
- name: opensearch
  repository: https://opensearch-project.github.io/helm-charts/
  version: 2.28.0
- name: rabbitmq
  repository: oci://registry-1.docker.io/bitnamicharts
  version: 16.0.14
- name: minio
  repository: https://charts.min.io/
  version: 5.4.0
digest: sha256:14da518ca7543461d78ac5d15bc6cceea125202582a1c63cff6b04b809064d66
generated: "2026-02-11T10:35:16.451162682-06:00"
