dependencies:
- name: opensearch
  repository: https://opensearch-project.github.io/helm-charts/
  version: 3.4.0
- name: minio
  repository: https://charts.min.io/
  version: 5.4.0
digest: sha256:6075f7bc61752db2fd7f0f5ce067e9300bdaba43c33b4659fbf73357d989e296
generated: "2026-02-11T11:44:24.705465535-06:00"
